
Microsoft Visual Studio Solution File, Format Version 12.00
# Visual Studio Version 17
VisualStudioVersion = 17.3.32819.101
MinimumVisualStudioVersion = 10.0.40219.1
Project("{9A19103F-16F7-4668-BE54-9A1E7A4F7556}") = "LaboratoryReportProject.WPf.UI", "LaboratoryReportProject.WPf.UI\LaboratoryReportProject.WPf.UI.csproj", "{693500F1-D87C-46B9-88BC-FC2C2BA4C13E}"
EndProject
Project("{FAE04EC0-301F-11D3-BF4B-00C04F79EFBC}") = "LaboratoryReportProject.Entities", "LaboratoryReportProject.Entities\LaboratoryReportProject.Entities.csproj", "{FBDA6946-4DAE-4DEA-943A-46358C2557D5}"
EndProject
Project("{FAE04EC0-301F-11D3-BF4B-00C04F79EFBC}") = "LaboratoryReportProject.DataAccess", "LaboratoryReportProject.DataAccess\LaboratoryReportProject.DataAccess.csproj", "{8019D238-E353-4EE0-8117-682647417A8A}"
EndProject
Project("{FAE04EC0-301F-11D3-BF4B-00C04F79EFBC}") = "LaboratoryReportProject.Business", "LaboratoryReportProject.Business\LaboratoryReportProject.Business.csproj", "{409FAA5E-D693-4972-8F7D-E7630F40C5A5}"
EndProject
Project("{FAE04EC0-301F-11D3-BF4B-00C04F79EFBC}") = "LaboratoryReportProject.Core", "LaboratoryReportProject.Core\LaboratoryReportProject.Core.csproj", "{4366943E-E25C-452A-8FB3-BC291173EEB1}"
EndProject
Global
	GlobalSection(SolutionConfigurationPlatforms) = preSolution
		Debug|Any CPU = Debug|Any CPU
		Release|Any CPU = Release|Any CPU
	EndGlobalSection
	GlobalSection(ProjectConfigurationPlatforms) = postSolution
		{693500F1-D87C-46B9-88BC-FC2C2BA4C13E}.Debug|Any CPU.ActiveCfg = Debug|Any CPU
		{693500F1-D87C-46B9-88BC-FC2C2BA4C13E}.Debug|Any CPU.Build.0 = Debug|Any CPU
		{693500F1-D87C-46B9-88BC-FC2C2BA4C13E}.Release|Any CPU.ActiveCfg = Release|Any CPU
		{693500F1-D87C-46B9-88BC-FC2C2BA4C13E}.Release|Any CPU.Build.0 = Release|Any CPU
		{FBDA6946-4DAE-4DEA-943A-46358C2557D5}.Debug|Any CPU.ActiveCfg = Debug|Any CPU
		{FBDA6946-4DAE-4DEA-943A-46358C2557D5}.Debug|Any CPU.Build.0 = Debug|Any CPU
		{FBDA6946-4DAE-4DEA-943A-46358C2557D5}.Release|Any CPU.ActiveCfg = Release|Any CPU
		{FBDA6946-4DAE-4DEA-943A-46358C2557D5}.Release|Any CPU.Build.0 = Release|Any CPU
		{8019D238-E353-4EE0-8117-682647417A8A}.Debug|Any CPU.ActiveCfg = Debug|Any CPU
		{8019D238-E353-4EE0-8117-682647417A8A}.Debug|Any CPU.Build.0 = Debug|Any CPU
		{8019D238-E353-4EE0-8117-682647417A8A}.Release|Any CPU.ActiveCfg = Release|Any CPU
		{8019D238-E353-4EE0-8117-682647417A8A}.Release|Any CPU.Build.0 = Release|Any CPU
		{409FAA5E-D693-4972-8F7D-E7630F40C5A5}.Debug|Any CPU.ActiveCfg = Debug|Any CPU
		{409FAA5E-D693-4972-8F7D-E7630F40C5A5}.Debug|Any CPU.Build.0 = Debug|Any CPU
		{409FAA5E-D693-4972-8F7D-E7630F40C5A5}.Release|Any CPU.ActiveCfg = Release|Any CPU
		{409FAA5E-D693-4972-8F7D-E7630F40C5A5}.Release|Any CPU.Build.0 = Release|Any CPU
		{4366943E-E25C-452A-8FB3-BC291173EEB1}.Debug|Any CPU.ActiveCfg = Debug|Any CPU
		{4366943E-E25C-452A-8FB3-BC291173EEB1}.Debug|Any CPU.Build.0 = Debug|Any CPU
		{4366943E-E25C-452A-8FB3-BC291173EEB1}.Release|Any CPU.ActiveCfg = Release|Any CPU
		{4366943E-E25C-452A-8FB3-BC291173EEB1}.Release|Any CPU.Build.0 = Release|Any CPU
	EndGlobalSection
	GlobalSection(SolutionProperties) = preSolution
		HideSolutionNode = FALSE
	EndGlobalSection
	GlobalSection(ExtensibilityGlobals) = postSolution
		SolutionGuid = {A0FFF004-414A-428E-A770-16625A96CF7D}
	EndGlobalSection
EndGlobal
